<?xml version="1.0" encoding="utf-8"?>
<Project ToolsVersion="4.0" xmlns="http://schemas.microsoft.com/developer/msbuild/2003">
  <ItemGroup>
    <Filter Include="Scripts">
      <UniqueIdentifier>{4D6F1AE8-B94E-9983-C266-245A2EC5FFE4}</UniqueIdentifier>
    </Filter>
    <Filter Include="Source">
      <UniqueIdentifier>{56EB95D1-428D-C0A7-2B48-D4FB178947F8}</UniqueIdentifier>
    </Filter>
  </ItemGroup>
  <ItemGroup>
    <ClInclude Include="Source\Animation.h">
      <Filter>Source</Filter>
    </ClInclude>
    <ClInclude Include="Source\Application.h">
      <Filter>Source</Filter>
    </ClInclude>
    <ClInclude Include="Source\Audio.h">
      <Filter>Source</Filter>
    </ClInclude>
    <ClInclude Include="Source\BoxCollider.h">
      <Filter>Source</Filter>
    </ClInclude>
    <ClInclude Include="Source\Button.h">
      <Filter>Source</Filter>
    </ClInclude>
    <ClInclude Include="Source\Camera.h">
      <Filter>Source</Filter>
    </ClInclude>
    <ClInclude Include="Source\Canvas.h">
      <Filter>Source</Filter>
    </ClInclude>
    <ClInclude Include="Source\CharacterController.h">
      <Filter>Source</Filter>
    </ClInclude>
    <ClInclude Include="Source\CircleCollider.h">
      <Filter>Source</Filter>
    </ClInclude>
    <ClInclude Include="Source\Collider.h">
      <Filter>Source</Filter>
    </ClInclude>
    <ClInclude Include="Source\Component.h">
      <Filter>Source</Filter>
    </ClInclude>
    <ClInclude Include="Source\CompositeCollider.h">
      <Filter>Source</Filter>
    </ClInclude>
    <ClInclude Include="Source\EntryPoint.h">
      <Filter>Source</Filter>
    </ClInclude>
    <ClInclude Include="Source\FlatEngine.h">
      <Filter>Source</Filter>
    </ClInclude>
    <ClInclude Include="Source\GameLoop.h">
      <Filter>Source</Filter>
    </ClInclude>
    <ClInclude Include="Source\GameObject.h">
      <Filter>Source</Filter>
    </ClInclude>
    <ClInclude Include="Source\GameScript.h">
      <Filter>Source</Filter>
    </ClInclude>
    <ClInclude Include="Source\Logger.h">
      <Filter>Source</Filter>
    </ClInclude>
    <ClInclude Include="Source\MappingContext.h">
      <Filter>Source</Filter>
    </ClInclude>
    <ClInclude Include="Source\PrefabManager.h">
      <Filter>Source</Filter>
    </ClInclude>
    <ClInclude Include="Source\Process.h">
      <Filter>Source</Filter>
    </ClInclude>
    <ClInclude Include="Source\Project.h">
      <Filter>Source</Filter>
    </ClInclude>
    <ClInclude Include="Source\RigidBody.h">
      <Filter>Source</Filter>
    </ClInclude>
    <ClInclude Include="Source\Scene.h">
      <Filter>Source</Filter>
    </ClInclude>
    <ClInclude Include="Source\SceneManager.h">
      <Filter>Source</Filter>
    </ClInclude>
    <ClInclude Include="Source\ScriptComponent.h">
      <Filter>Source</Filter>
    </ClInclude>
    <ClInclude Include="Source\Sound.h">
      <Filter>Source</Filter>
    </ClInclude>
    <ClInclude Include="Source\Sprite.h">
      <Filter>Source</Filter>
    </ClInclude>
    <ClInclude Include="Source\TagList.h">
      <Filter>Source</Filter>
    </ClInclude>
    <ClInclude Include="Source\Text.h">
      <Filter>Source</Filter>
    </ClInclude>
    <ClInclude Include="Source\Texture.h">
      <Filter>Source</Filter>
    </ClInclude>
    <ClInclude Include="Source\Transform.h">
      <Filter>Source</Filter>
    </ClInclude>
    <ClInclude Include="Source\UIManager.h">
      <Filter>Source</Filter>
    </ClInclude>
    <ClInclude Include="Source\Vector2.h">
      <Filter>Source</Filter>
    </ClInclude>
    <ClInclude Include="Source\Vector4.h">
      <Filter>Source</Filter>
    </ClInclude>
    <ClInclude Include="Source\Window.h">
      <Filter>Source</Filter>
    </ClInclude>
    <ClInclude Include="Source\ECSManager.h" />
  </ItemGroup>
  <ItemGroup>
    <ClCompile Include="Source\Animation.cpp">
      <Filter>Source</Filter>
    </ClCompile>
    <ClCompile Include="Source\Application.cpp">
      <Filter>Source</Filter>
    </ClCompile>
    <ClCompile Include="Source\Audio.cpp">
      <Filter>Source</Filter>
    </ClCompile>
    <ClCompile Include="Source\Button.cpp">
      <Filter>Source</Filter>
    </ClCompile>
    <ClCompile Include="Source\Camera.cpp">
      <Filter>Source</Filter>
    </ClCompile>
    <ClCompile Include="Source\Canvas.cpp">
      <Filter>Source</Filter>
    </ClCompile>
    <ClCompile Include="Source\CharacterController.cpp">
      <Filter>Source</Filter>
    </ClCompile>
    <ClCompile Include="Source\CircleCollider.cpp">
      <Filter>Source</Filter>
    </ClCompile>
    <ClCompile Include="Source\Collider.cpp">
      <Filter>Source</Filter>
    </ClCompile>
    <ClCompile Include="Source\Component.cpp">
      <Filter>Source</Filter>
    </ClCompile>
    <ClCompile Include="Source\CompositeCollider.cpp">
      <Filter>Source</Filter>
    </ClCompile>
    <ClCompile Include="Source\FlatEngine.cpp">
      <Filter>Source</Filter>
    </ClCompile>
    <ClCompile Include="Source\GameLoop.cpp">
      <Filter>Source</Filter>
    </ClCompile>
    <ClCompile Include="Source\GameObject.cpp">
      <Filter>Source</Filter>
    </ClCompile>
    <ClCompile Include="Source\GameScript.cpp">
      <Filter>Source</Filter>
    </ClCompile>
    <ClCompile Include="Source\Logger.cpp">
      <Filter>Source</Filter>
    </ClCompile>
    <ClCompile Include="Source\MappingContext.cpp">
      <Filter>Source</Filter>
    </ClCompile>
    <ClCompile Include="Source\PrefabManager.cpp">
      <Filter>Source</Filter>
    </ClCompile>
    <ClCompile Include="Source\Process.cpp">
      <Filter>Source</Filter>
    </ClCompile>
    <ClCompile Include="Source\Project.cpp">
      <Filter>Source</Filter>
    </ClCompile>
    <ClCompile Include="Source\RigidBody.cpp">
      <Filter>Source</Filter>
    </ClCompile>
    <ClCompile Include="Source\Scene.cpp">
      <Filter>Source</Filter>
    </ClCompile>
    <ClCompile Include="Source\SceneManager.cpp">
      <Filter>Source</Filter>
    </ClCompile>
    <ClCompile Include="Source\ScriptComponent.cpp">
      <Filter>Source</Filter>
    </ClCompile>
    <ClCompile Include="Source\Sound.cpp">
      <Filter>Source</Filter>
    </ClCompile>
    <ClCompile Include="Source\Sprite.cpp">
      <Filter>Source</Filter>
    </ClCompile>
    <ClCompile Include="Source\TagList.cpp">
      <Filter>Source</Filter>
    </ClCompile>
    <ClCompile Include="Source\Text.cpp">
      <Filter>Source</Filter>
    </ClCompile>
    <ClCompile Include="Source\Texture.cpp">
      <Filter>Source</Filter>
    </ClCompile>
    <ClCompile Include="Source\Transform.cpp">
      <Filter>Source</Filter>
    </ClCompile>
    <ClCompile Include="Source\UIManager.cpp">
      <Filter>Source</Filter>
    </ClCompile>
    <ClCompile Include="Source\Vector2.cpp">
      <Filter>Source</Filter>
    </ClCompile>
    <ClCompile Include="Source\Vector4.cpp">
      <Filter>Source</Filter>
    </ClCompile>
    <ClCompile Include="Source\Window.cpp">
      <Filter>Source</Filter>
    </ClCompile>
    <ClCompile Include="Source\ECSManager.cpp" />
    <ClCompile Include="Source\BoxCollider.cpp" />
  </ItemGroup>
</Project>