<?xml version="1.0" encoding="utf-8"?>
<Project ToolsVersion="4.0" xmlns="http://schemas.microsoft.com/developer/msbuild/2003">
  <ItemGroup>
    <Filter Include="Source">
      <UniqueIdentifier>{56EB95D1-428D-C0A7-2B48-D4FB178947F8}</UniqueIdentifier>
    </Filter>
    <Filter Include="Vendor">
      <UniqueIdentifier>{935FDCD7-7F01-07AE-68BC-1A0254FD8DFE}</UniqueIdentifier>
    </Filter>
    <Filter Include="Vendor\includes">
      <UniqueIdentifier>{39AB7AF9-A536-E8BD-AE47-6BB21A5244BE}</UniqueIdentifier>
    </Filter>
    <Filter Include="Vendor\includes\ImGui">
      <UniqueIdentifier>{23E74E6A-8F53-0A65-5847-A2C2C4722CCD}</UniqueIdentifier>
    </Filter>
    <Filter Include="Vendor\includes\ImGui\Backends">
      <UniqueIdentifier>{8D7CCF5D-79A2-99C4-62E8-1E904EADBE90}</UniqueIdentifier>
    </Filter>
    <Filter Include="Vendor\includes\ImGui\ImGui_Docking">
      <UniqueIdentifier>{CBDBC141-3795-2CEC-C0F4-46C62CADE25B}</UniqueIdentifier>
    </Filter>
    <Filter Include="Vendor\includes\ImGui\ImGui_Docking\misc">
      <UniqueIdentifier>{86053A39-7282-2D7C-9BFF-2D9087DBC90F}</UniqueIdentifier>
    </Filter>
    <Filter Include="Vendor\includes\ImGui\ImGui_Docking\misc\cpp">
      <UniqueIdentifier>{58D248AA-44E5-4803-EDCE-25F0D9C0E550}</UniqueIdentifier>
    </Filter>
    <Filter Include="Vendor\includes\ImGui\ImGui_Docking\misc\fonts">
      <UniqueIdentifier>{5F8CFC5F-4B0A-4DF9-3402-0B91201F8F21}</UniqueIdentifier>
    </Filter>
    <Filter Include="Vendor\includes\ImPlot">
      <UniqueIdentifier>{DD9530B4-C98F-5906-B2FC-EF169E95BF72}</UniqueIdentifier>
    </Filter>
    <Filter Include="Vendor\includes\Lua">
      <UniqueIdentifier>{4AB8FA40-B619-D84E-3F87-1E01ABE70E0E}</UniqueIdentifier>
    </Filter>
  </ItemGroup>
  <ItemGroup>
    <ClInclude Include="..\Vendor\includes\ImGui\Backends\imgui_impl_sdl2.h">
      <Filter>Vendor\includes\ImGui\Backends</Filter>
    </ClInclude>
    <ClInclude Include="..\Vendor\includes\ImGui\Backends\imgui_impl_sdlrenderer2.h">
      <Filter>Vendor\includes\ImGui\Backends</Filter>
    </ClInclude>
    <ClInclude Include="..\Vendor\includes\ImGui\ImGui_Docking\imconfig.h">
      <Filter>Vendor\includes\ImGui\ImGui_Docking</Filter>
    </ClInclude>
    <ClInclude Include="..\Vendor\includes\ImGui\ImGui_Docking\imgui.h">
      <Filter>Vendor\includes\ImGui\ImGui_Docking</Filter>
    </ClInclude>
    <ClInclude Include="..\Vendor\includes\ImGui\ImGui_Docking\imgui_internal.h">
      <Filter>Vendor\includes\ImGui\ImGui_Docking</Filter>
    </ClInclude>
    <ClInclude Include="..\Vendor\includes\ImGui\ImGui_Docking\imstb_rectpack.h">
      <Filter>Vendor\includes\ImGui\ImGui_Docking</Filter>
    </ClInclude>
    <ClInclude Include="..\Vendor\includes\ImGui\ImGui_Docking\imstb_textedit.h">
      <Filter>Vendor\includes\ImGui\ImGui_Docking</Filter>
    </ClInclude>
    <ClInclude Include="..\Vendor\includes\ImGui\ImGui_Docking\imstb_truetype.h">
      <Filter>Vendor\includes\ImGui\ImGui_Docking</Filter>
    </ClInclude>
    <ClInclude Include="..\Vendor\includes\ImGui\ImGui_Docking\misc\cpp\imgui_stdlib.h">
      <Filter>Vendor\includes\ImGui\ImGui_Docking\misc\cpp</Filter>
    </ClInclude>
    <ClInclude Include="..\Vendor\includes\ImPlot\implot.h">
      <Filter>Vendor\includes\ImPlot</Filter>
    </ClInclude>
    <ClInclude Include="..\Vendor\includes\ImPlot\implot_internal.h">
      <Filter>Vendor\includes\ImPlot</Filter>
    </ClInclude>
    <ClInclude Include="..\Vendor\includes\Lua\lauxlib.h">
      <Filter>Vendor\includes\Lua</Filter>
    </ClInclude>
    <ClInclude Include="..\Vendor\includes\Lua\lua.h">
      <Filter>Vendor\includes\Lua</Filter>
    </ClInclude>
    <ClInclude Include="..\Vendor\includes\Lua\lua.hpp">
      <Filter>Vendor\includes\Lua</Filter>
    </ClInclude>
    <ClInclude Include="..\Vendor\includes\Lua\luaconf.h">
      <Filter>Vendor\includes\Lua</Filter>
    </ClInclude>
    <ClInclude Include="..\Vendor\includes\Lua\lualib.h">
      <Filter>Vendor\includes\Lua</Filter>
    </ClInclude>
    <ClInclude Include="Source\Animation.h">
      <Filter>Source</Filter>
    </ClInclude>
    <ClInclude Include="Source\Application.h">
      <Filter>Source</Filter>
    </ClInclude>
    <ClInclude Include="Source\Audio.h">
      <Filter>Source</Filter>
    </ClInclude>
    <ClInclude Include="Source\BoxCollider.h">
      <Filter>Source</Filter>
    </ClInclude>
    <ClInclude Include="Source\Button.h">
      <Filter>Source</Filter>
    </ClInclude>
    <ClInclude Include="Source\Camera.h">
      <Filter>Source</Filter>
    </ClInclude>
    <ClInclude Include="Source\Canvas.h">
      <Filter>Source</Filter>
    </ClInclude>
    <ClInclude Include="Source\CharacterController.h">
      <Filter>Source</Filter>
    </ClInclude>
    <ClInclude Include="Source\CircleCollider.h">
      <Filter>Source</Filter>
    </ClInclude>
    <ClInclude Include="Source\Collider.h">
      <Filter>Source</Filter>
    </ClInclude>
    <ClInclude Include="Source\Component.h">
      <Filter>Source</Filter>
    </ClInclude>
    <ClInclude Include="Source\CompositeCollider.h">
      <Filter>Source</Filter>
    </ClInclude>
    <ClInclude Include="Source\ECSManager.h">
      <Filter>Source</Filter>
    </ClInclude>
    <ClInclude Include="Source\EntryPoint.h">
      <Filter>Source</Filter>
    </ClInclude>
    <ClInclude Include="Source\FlatEngine.h">
      <Filter>Source</Filter>
    </ClInclude>
    <ClInclude Include="Source\GameLoop.h">
      <Filter>Source</Filter>
    </ClInclude>
    <ClInclude Include="Source\GameObject.h">
      <Filter>Source</Filter>
    </ClInclude>
    <ClInclude Include="Source\GameScript.h">
      <Filter>Source</Filter>
    </ClInclude>
    <ClInclude Include="Source\Logger.h">
      <Filter>Source</Filter>
    </ClInclude>
    <ClInclude Include="Source\MappingContext.h">
      <Filter>Source</Filter>
    </ClInclude>
    <ClInclude Include="Source\PrefabManager.h">
      <Filter>Source</Filter>
    </ClInclude>
    <ClInclude Include="Source\ProfilerProcess.h">
      <Filter>Source</Filter>
    </ClInclude>
    <ClInclude Include="Source\Project.h">
      <Filter>Source</Filter>
    </ClInclude>
    <ClInclude Include="Source\RigidBody.h">
      <Filter>Source</Filter>
    </ClInclude>
    <ClInclude Include="Source\Scene.h">
      <Filter>Source</Filter>
    </ClInclude>
    <ClInclude Include="Source\SceneManager.h">
      <Filter>Source</Filter>
    </ClInclude>
    <ClInclude Include="Source\ScriptComponent.h">
      <Filter>Source</Filter>
    </ClInclude>
    <ClInclude Include="Source\Sound.h">
      <Filter>Source</Filter>
    </ClInclude>
    <ClInclude Include="Source\Sprite.h">
      <Filter>Source</Filter>
    </ClInclude>
    <ClInclude Include="Source\TagList.h">
      <Filter>Source</Filter>
    </ClInclude>
    <ClInclude Include="Source\Text.h">
      <Filter>Source</Filter>
    </ClInclude>
    <ClInclude Include="Source\Texture.h">
      <Filter>Source</Filter>
    </ClInclude>
    <ClInclude Include="Source\Transform.h">
      <Filter>Source</Filter>
    </ClInclude>
    <ClInclude Include="Source\UIManager.h">
      <Filter>Source</Filter>
    </ClInclude>
    <ClInclude Include="Source\Vector2.h">
      <Filter>Source</Filter>
    </ClInclude>
    <ClInclude Include="Source\Vector4.h">
      <Filter>Source</Filter>
    </ClInclude>
    <ClInclude Include="Source\Window.h">
      <Filter>Source</Filter>
    </ClInclude>
  </ItemGroup>
  <ItemGroup>
    <ClCompile Include="..\Vendor\includes\ImGui\Backends\imgui_impl_sdl2.cpp">
      <Filter>Vendor\includes\ImGui\Backends</Filter>
    </ClCompile>
    <ClCompile Include="..\Vendor\includes\ImGui\Backends\imgui_impl_sdlrenderer2.cpp">
      <Filter>Vendor\includes\ImGui\Backends</Filter>
    </ClCompile>
    <ClCompile Include="..\Vendor\includes\ImGui\ImGui_Docking\imgui.cpp">
      <Filter>Vendor\includes\ImGui\ImGui_Docking</Filter>
    </ClCompile>
    <ClCompile Include="..\Vendor\includes\ImGui\ImGui_Docking\imgui_demo.cpp">
      <Filter>Vendor\includes\ImGui\ImGui_Docking</Filter>
    </ClCompile>
    <ClCompile Include="..\Vendor\includes\ImGui\ImGui_Docking\imgui_draw.cpp">
      <Filter>Vendor\includes\ImGui\ImGui_Docking</Filter>
    </ClCompile>
    <ClCompile Include="..\Vendor\includes\ImGui\ImGui_Docking\imgui_tables.cpp">
      <Filter>Vendor\includes\ImGui\ImGui_Docking</Filter>
    </ClCompile>
    <ClCompile Include="..\Vendor\includes\ImGui\ImGui_Docking\imgui_widgets.cpp">
      <Filter>Vendor\includes\ImGui\ImGui_Docking</Filter>
    </ClCompile>
    <ClCompile Include="..\Vendor\includes\ImGui\ImGui_Docking\misc\cpp\imgui_stdlib.cpp">
      <Filter>Vendor\includes\ImGui\ImGui_Docking\misc\cpp</Filter>
    </ClCompile>
    <ClCompile Include="..\Vendor\includes\ImGui\ImGui_Docking\misc\fonts\binary_to_compressed_c.cpp">
      <Filter>Vendor\includes\ImGui\ImGui_Docking\misc\fonts</Filter>
    </ClCompile>
    <ClCompile Include="..\Vendor\includes\ImPlot\implot.cpp">
      <Filter>Vendor\includes\ImPlot</Filter>
    </ClCompile>
    <ClCompile Include="..\Vendor\includes\ImPlot\implot_demo.cpp">
      <Filter>Vendor\includes\ImPlot</Filter>
    </ClCompile>
    <ClCompile Include="..\Vendor\includes\ImPlot\implot_items.cpp">
      <Filter>Vendor\includes\ImPlot</Filter>
    </ClCompile>
    <ClCompile Include="Source\Animation.cpp">
      <Filter>Source</Filter>
    </ClCompile>
    <ClCompile Include="Source\Application.cpp">
      <Filter>Source</Filter>
    </ClCompile>
    <ClCompile Include="Source\Audio.cpp">
      <Filter>Source</Filter>
    </ClCompile>
    <ClCompile Include="Source\BoxCollider.cpp">
      <Filter>Source</Filter>
    </ClCompile>
    <ClCompile Include="Source\Button.cpp">
      <Filter>Source</Filter>
    </ClCompile>
    <ClCompile Include="Source\Camera.cpp">
      <Filter>Source</Filter>
    </ClCompile>
    <ClCompile Include="Source\Canvas.cpp">
      <Filter>Source</Filter>
    </ClCompile>
    <ClCompile Include="Source\CharacterController.cpp">
      <Filter>Source</Filter>
    </ClCompile>
    <ClCompile Include="Source\CircleCollider.cpp">
      <Filter>Source</Filter>
    </ClCompile>
    <ClCompile Include="Source\Collider.cpp">
      <Filter>Source</Filter>
    </ClCompile>
    <ClCompile Include="Source\Colors.cpp">
      <Filter>Source</Filter>
    </ClCompile>
    <ClCompile Include="Source\Component.cpp">
      <Filter>Source</Filter>
    </ClCompile>
    <ClCompile Include="Source\CompositeCollider.cpp">
      <Filter>Source</Filter>
    </ClCompile>
    <ClCompile Include="Source\ECSManager.cpp">
      <Filter>Source</Filter>
    </ClCompile>
    <ClCompile Include="Source\FlatEngine.cpp">
      <Filter>Source</Filter>
    </ClCompile>
    <ClCompile Include="Source\GameLoop.cpp">
      <Filter>Source</Filter>
    </ClCompile>
    <ClCompile Include="Source\GameObject.cpp">
      <Filter>Source</Filter>
    </ClCompile>
    <ClCompile Include="Source\GameScript.cpp">
      <Filter>Source</Filter>
    </ClCompile>
    <ClCompile Include="Source\GameView.cpp">
      <Filter>Source</Filter>
    </ClCompile>
    <ClCompile Include="Source\Icons.cpp">
      <Filter>Source</Filter>
    </ClCompile>
    <ClCompile Include="Source\ImGuiWrappersCore.cpp">
      <Filter>Source</Filter>
    </ClCompile>
    <ClCompile Include="Source\Logger.cpp">
      <Filter>Source</Filter>
    </ClCompile>
    <ClCompile Include="Source\MappingContext.cpp">
      <Filter>Source</Filter>
    </ClCompile>
    <ClCompile Include="Source\PrefabManager.cpp">
      <Filter>Source</Filter>
    </ClCompile>
    <ClCompile Include="Source\Profiler.cpp">
      <Filter>Source</Filter>
    </ClCompile>
    <ClCompile Include="Source\ProfilerProcess.cpp">
      <Filter>Source</Filter>
    </ClCompile>
    <ClCompile Include="Source\Project.cpp">
      <Filter>Source</Filter>
    </ClCompile>
    <ClCompile Include="Source\RigidBody.cpp">
      <Filter>Source</Filter>
    </ClCompile>
    <ClCompile Include="Source\Scene.cpp">
      <Filter>Source</Filter>
    </ClCompile>
    <ClCompile Include="Source\SceneManager.cpp">
      <Filter>Source</Filter>
    </ClCompile>
    <ClCompile Include="Source\ScriptComponent.cpp">
      <Filter>Source</Filter>
    </ClCompile>
    <ClCompile Include="Source\Sound.cpp">
      <Filter>Source</Filter>
    </ClCompile>
    <ClCompile Include="Source\Sprite.cpp">
      <Filter>Source</Filter>
    </ClCompile>
    <ClCompile Include="Source\TagList.cpp">
      <Filter>Source</Filter>
    </ClCompile>
    <ClCompile Include="Source\Text.cpp">
      <Filter>Source</Filter>
    </ClCompile>
    <ClCompile Include="Source\Texture.cpp">
      <Filter>Source</Filter>
    </ClCompile>
    <ClCompile Include="Source\Transform.cpp">
      <Filter>Source</Filter>
    </ClCompile>
    <ClCompile Include="Source\UIManager.cpp">
      <Filter>Source</Filter>
    </ClCompile>
    <ClCompile Include="Source\Vector2.cpp">
      <Filter>Source</Filter>
    </ClCompile>
    <ClCompile Include="Source\Vector4.cpp">
      <Filter>Source</Filter>
    </ClCompile>
    <ClCompile Include="Source\Window.cpp">
      <Filter>Source</Filter>
    </ClCompile>
  </ItemGroup>
  <ItemGroup>
    <None Include="..\Vendor\includes\Lua\lua54.dll">
      <Filter>Vendor\includes\Lua</Filter>
    </None>
    <None Include="..\Vendor\includes\Lua\lua54.lib">
      <Filter>Vendor\includes\Lua</Filter>
    </None>
  </ItemGroup>
</Project>