
Microsoft Visual Studio Solution File, Format Version 12.00
# Visual Studio Version 17
Project("{8BC9CEB8-8B4A-11D0-8D11-00A0C91BC942}") = "FlatEngine-Runtime", "FlatEngine-Runtime\FlatEngine-Runtime.vcxproj", "{F3F3877B-DFD7-48D1-4838-4324343B3353}"
EndProject
Project("{2150E333-8FDC-42A3-9474-1A3956D46DE8}") = "Core", "Core", "{15A0C35D-0158-05AB-6A5F-DE065636A09B}"
EndProject
Project("{8BC9CEB8-8B4A-11D0-8D11-00A0C91BC942}") = "FlatEngine-Core", "FlatEngine-Core\FlatEngine-Core.vcxproj", "{18831BF5-840E-89B9-8D1F-0CAEF929E5B9}"
EndProject
Project("{8BC9CEB8-8B4A-11D0-8D11-00A0C91BC942}") = "FlatEngine-Editor", "FlatEngine-Editor\FlatEngine-Editor.vcxproj", "{F64BE7AD-6262-E543-ABD9-7065172FB6CB}"
EndProject
Global
	GlobalSection(SolutionConfigurationPlatforms) = preSolution
		Debug|x64 = Debug|x64
		Dist|x64 = Dist|x64
		Release|x64 = Release|x64
	EndGlobalSection
	GlobalSection(ProjectConfigurationPlatforms) = postSolution
		{F3F3877B-DFD7-48D1-4838-4324343B3353}.Debug|x64.ActiveCfg = Debug|x64
		{F3F3877B-DFD7-48D1-4838-4324343B3353}.Debug|x64.Build.0 = Debug|x64
		{F3F3877B-DFD7-48D1-4838-4324343B3353}.Dist|x64.ActiveCfg = Dist|x64
		{F3F3877B-DFD7-48D1-4838-4324343B3353}.Dist|x64.Build.0 = Dist|x64
		{F3F3877B-DFD7-48D1-4838-4324343B3353}.Release|x64.ActiveCfg = Release|x64
		{F3F3877B-DFD7-48D1-4838-4324343B3353}.Release|x64.Build.0 = Release|x64
		{18831BF5-840E-89B9-8D1F-0CAEF929E5B9}.Debug|x64.ActiveCfg = Debug|x64
		{18831BF5-840E-89B9-8D1F-0CAEF929E5B9}.Debug|x64.Build.0 = Debug|x64
		{18831BF5-840E-89B9-8D1F-0CAEF929E5B9}.Dist|x64.ActiveCfg = Dist|x64
		{18831BF5-840E-89B9-8D1F-0CAEF929E5B9}.Dist|x64.Build.0 = Dist|x64
		{18831BF5-840E-89B9-8D1F-0CAEF929E5B9}.Release|x64.ActiveCfg = Release|x64
		{18831BF5-840E-89B9-8D1F-0CAEF929E5B9}.Release|x64.Build.0 = Release|x64
		{F64BE7AD-6262-E543-ABD9-7065172FB6CB}.Debug|x64.ActiveCfg = Debug|x64
		{F64BE7AD-6262-E543-ABD9-7065172FB6CB}.Debug|x64.Build.0 = Debug|x64
		{F64BE7AD-6262-E543-ABD9-7065172FB6CB}.Dist|x64.ActiveCfg = Dist|x64
		{F64BE7AD-6262-E543-ABD9-7065172FB6CB}.Dist|x64.Build.0 = Dist|x64
		{F64BE7AD-6262-E543-ABD9-7065172FB6CB}.Release|x64.ActiveCfg = Release|x64
		{F64BE7AD-6262-E543-ABD9-7065172FB6CB}.Release|x64.Build.0 = Release|x64
	EndGlobalSection
	GlobalSection(SolutionProperties) = preSolution
		HideSolutionNode = FALSE
	EndGlobalSection
	GlobalSection(NestedProjects) = preSolution
		{18831BF5-840E-89B9-8D1F-0CAEF929E5B9} = {15A0C35D-0158-05AB-6A5F-DE065636A09B}
	EndGlobalSection
EndGlobal
