
Microsoft Visual Studio Solution File, Format Version 12.00
# Visual Studio Version 17
VisualStudioVersion = 17.7.34202.233
MinimumVisualStudioVersion = 10.0.40219.1
Project("{8BC9CEB8-8B4A-11D0-8D11-00A0C91BC942}") = "FlatEngine", "WindowsApplication\WindowsApplication.vcxproj", "{D99A45F5-DD33-42B3-AD04-2CEEC4679AA4}"
EndProject
Global
	GlobalSection(SolutionConfigurationPlatforms) = preSolution
		Debug|x64 = Debug|x64
		Debug|x86 = Debug|x86
		Release|x64 = Release|x64
		Release|x86 = Release|x86
	EndGlobalSection
	GlobalSection(ProjectConfigurationPlatforms) = postSolution
		{D99A45F5-DD33-42B3-AD04-2CEEC4679AA4}.Debug|x64.ActiveCfg = Debug|x64
		{D99A45F5-DD33-42B3-AD04-2CEEC4679AA4}.Debug|x64.Build.0 = Debug|x64
		{D99A45F5-DD33-42B3-AD04-2CEEC4679AA4}.Debug|x86.ActiveCfg = Debug|Win32
		{D99A45F5-DD33-42B3-AD04-2CEEC4679AA4}.Debug|x86.Build.0 = Debug|Win32
		{D99A45F5-DD33-42B3-AD04-2CEEC4679AA4}.Release|x64.ActiveCfg = Release|x64
		{D99A45F5-DD33-42B3-AD04-2CEEC4679AA4}.Release|x64.Build.0 = Release|x64
		{D99A45F5-DD33-42B3-AD04-2CEEC4679AA4}.Release|x86.ActiveCfg = Release|Win32
		{D99A45F5-DD33-42B3-AD04-2CEEC4679AA4}.Release|x86.Build.0 = Release|Win32
	EndGlobalSection
	GlobalSection(SolutionProperties) = preSolution
		HideSolutionNode = FALSE
	EndGlobalSection
	GlobalSection(ExtensibilityGlobals) = postSolution
		SolutionGuid = {678807EC-8D9E-4B47-875E-B2F375A6EE45}
	EndGlobalSection
EndGlobal
