<?xml version="1.0" encoding="utf-8"?>
<Project ToolsVersion="4.0" xmlns="http://schemas.microsoft.com/developer/msbuild/2003">
  <ItemGroup>
    <Filter Include="Source Files">
      <UniqueIdentifier>{4FC737F1-C7A5-4376-A066-2A32D752A2FF}</UniqueIdentifier>
      <Extensions>cpp;c;cc;cxx;c++;cppm;ixx;def;odl;idl;hpj;bat;asm;asmx</Extensions>
    </Filter>
    <Filter Include="Header Files">
      <UniqueIdentifier>{93995380-89BD-4b04-88EB-625FBE52EBFB}</UniqueIdentifier>
      <Extensions>h;hh;hpp;hxx;h++;hm;inl;inc;ipp;xsd</Extensions>
    </Filter>
    <Filter Include="Resource Files">
      <UniqueIdentifier>{67DA6AB6-F800-4c08-8B7A-83BB121AAD01}</UniqueIdentifier>
      <Extensions>rc;ico;cur;bmp;dlg;rc2;rct;bin;rgs;gif;jpg;jpeg;jpe;resx;tiff;tif;png;wav;mfcribbon-ms</Extensions>
    </Filter>
    <Filter Include="imgui">
      <UniqueIdentifier>{7d631310-c822-4d5f-be24-28fbc62662dd}</UniqueIdentifier>
    </Filter>
    <Filter Include="Renderer">
      <UniqueIdentifier>{df9fcf48-bb1a-4e88-8364-ef8527a60990}</UniqueIdentifier>
    </Filter>
    <Filter Include="Header Files\Components">
      <UniqueIdentifier>{b105397d-ad43-4c12-bfa5-0b38dc24f55d}</UniqueIdentifier>
    </Filter>
    <Filter Include="Source Files\Components">
      <UniqueIdentifier>{90b13d42-a1f4-406d-872b-ff0f770119d7}</UniqueIdentifier>
    </Filter>
    <Filter Include="Header Files\Managers">
      <UniqueIdentifier>{faf1fd61-74ad-4d95-bfeb-db664c046a42}</UniqueIdentifier>
    </Filter>
    <Filter Include="Source Files\Managers">
      <UniqueIdentifier>{0f09fd41-5348-48f7-b921-a0218dbe0c17}</UniqueIdentifier>
    </Filter>
    <Filter Include="Header Files\FlatEngine">
      <UniqueIdentifier>{4c21b399-5d4a-445f-af72-74efea3e87aa}</UniqueIdentifier>
    </Filter>
    <Filter Include="Source Files\scripts">
      <UniqueIdentifier>{c087bdfc-38f4-4393-b1dd-cddf0d248fa5}</UniqueIdentifier>
    </Filter>
    <Filter Include="Header Files\scripts">
      <UniqueIdentifier>{d444b72f-4171-44cd-a4d4-18fbc09dfa2d}</UniqueIdentifier>
    </Filter>
    <Filter Include="Source Files\Helper">
      <UniqueIdentifier>{ba1d0ea8-a445-418c-bb2b-9d75a8da7283}</UniqueIdentifier>
    </Filter>
    <Filter Include="Header Files\Helper">
      <UniqueIdentifier>{66af6a58-2652-46fa-988b-90d266e1d5d5}</UniqueIdentifier>
    </Filter>
    <Filter Include="Source Files\FlatEngine/FlatGui">
      <UniqueIdentifier>{388cfe3a-612d-4859-a0ca-0614ba2d0187}</UniqueIdentifier>
    </Filter>
  </ItemGroup>
  <ItemGroup>
    <ClCompile Include="Window.cpp">
      <Filter>Source Files</Filter>
    </ClCompile>
    <ClCompile Include="..\..\..\..\Desktop\DevelopmentLibraries\imgui-docking\imgui-docking\imgui.cpp">
      <Filter>imgui</Filter>
    </ClCompile>
    <ClCompile Include="..\..\..\..\Desktop\DevelopmentLibraries\imgui-docking\imgui-docking\imgui_demo.cpp">
      <Filter>imgui</Filter>
    </ClCompile>
    <ClCompile Include="..\..\..\..\Desktop\DevelopmentLibraries\imgui-docking\imgui-docking\imgui_draw.cpp">
      <Filter>imgui</Filter>
    </ClCompile>
    <ClCompile Include="..\..\..\..\Desktop\DevelopmentLibraries\imgui-docking\imgui-docking\imgui_tables.cpp">
      <Filter>imgui</Filter>
    </ClCompile>
    <ClCompile Include="..\..\..\..\Desktop\DevelopmentLibraries\imgui-docking\imgui-docking\imgui_widgets.cpp">
      <Filter>imgui</Filter>
    </ClCompile>
    <ClCompile Include="GameObject.cpp">
      <Filter>Source Files</Filter>
    </ClCompile>
    <ClCompile Include="..\..\..\..\Desktop\DevelopmentLibraries\imgui-docking\imgui-docking\backends\imgui_impl_dx12.cpp">
      <Filter>Renderer</Filter>
    </ClCompile>
    <ClCompile Include="..\..\..\..\Desktop\DevelopmentLibraries\imgui-docking\imgui-docking\backends\imgui_impl_sdl2.cpp">
      <Filter>Renderer</Filter>
    </ClCompile>
    <ClCompile Include="Component.cpp">
      <Filter>Source Files\Components</Filter>
    </ClCompile>
    <ClCompile Include="Sprite.cpp">
      <Filter>Source Files\Components</Filter>
    </ClCompile>
    <ClCompile Include="Transform.cpp">
      <Filter>Source Files\Components</Filter>
    </ClCompile>
    <ClCompile Include="FlatEngine.cpp">
      <Filter>Source Files\FlatEngine/FlatGui</Filter>
    </ClCompile>
    <ClCompile Include="FlatGui.cpp">
      <Filter>Source Files\FlatEngine/FlatGui</Filter>
    </ClCompile>
    <ClCompile Include="TextureManager.cpp">
      <Filter>Source Files\Managers</Filter>
    </ClCompile>
    <ClCompile Include="..\..\..\..\Desktop\DevelopmentLibraries\imgui-docking\imgui-docking\backends\imgui_impl_sdlrenderer2.cpp">
      <Filter>Renderer</Filter>
    </ClCompile>
    <ClCompile Include="Scene.cpp">
      <Filter>Source Files</Filter>
    </ClCompile>
    <ClCompile Include="SceneManager.cpp">
      <Filter>Source Files\Managers</Filter>
    </ClCompile>
    <ClCompile Include="GameScript.cpp">
      <Filter>Source Files</Filter>
    </ClCompile>
    <ClCompile Include="ScriptComponent.cpp">
      <Filter>Source Files\Components</Filter>
    </ClCompile>
    <ClCompile Include="Camera.cpp">
      <Filter>Source Files\Components</Filter>
    </ClCompile>
    <ClCompile Include="GameLoop.cpp">
      <Filter>Source Files\Managers</Filter>
    </ClCompile>
    <ClCompile Include="Texture.cpp">
      <Filter>Source Files\Helper</Filter>
    </ClCompile>
    <ClCompile Include="Vector2.cpp">
      <Filter>Source Files\Helper</Filter>
    </ClCompile>
    <ClCompile Include="Button.cpp">
      <Filter>Source Files\Components</Filter>
    </ClCompile>
    <ClCompile Include="Canvas.cpp">
      <Filter>Source Files\Components</Filter>
    </ClCompile>
    <ClCompile Include="Animation.cpp">
      <Filter>Source Files\Components</Filter>
    </ClCompile>
    <ClCompile Include="Sound.cpp">
      <Filter>Source Files\Helper</Filter>
    </ClCompile>
    <ClCompile Include="Audio.cpp">
      <Filter>Source Files\Components</Filter>
    </ClCompile>
    <ClCompile Include="UIManager.cpp">
      <Filter>Source Files\Managers</Filter>
    </ClCompile>
    <ClCompile Include="WidgetsManager.cpp">
      <Filter>Source Files\Managers</Filter>
    </ClCompile>
    <ClCompile Include="Text.cpp">
      <Filter>Source Files\Components</Filter>
    </ClCompile>
    <ClCompile Include="main.cpp">
      <Filter>Source Files</Filter>
    </ClCompile>
    <ClCompile Include="BoxCollider.cpp">
      <Filter>Source Files\Components</Filter>
    </ClCompile>
    <ClCompile Include="implot.cpp">
      <Filter>Source Files</Filter>
    </ClCompile>
    <ClCompile Include="implot_demo.cpp">
      <Filter>Source Files</Filter>
    </ClCompile>
    <ClCompile Include="implot_items.cpp">
      <Filter>Source Files</Filter>
    </ClCompile>
    <ClCompile Include="Process.cpp">
      <Filter>Source Files</Filter>
    </ClCompile>
    <ClCompile Include="ImSequencer.cpp">
      <Filter>Source Files</Filter>
    </ClCompile>
    <ClCompile Include="Hierarchy.cpp">
      <Filter>Source Files\FlatEngine/FlatGui</Filter>
    </ClCompile>
    <ClCompile Include="Toolbar.cpp">
      <Filter>Source Files\FlatEngine/FlatGui</Filter>
    </ClCompile>
    <ClCompile Include="Inspector.cpp">
      <Filter>Source Files\FlatEngine/FlatGui</Filter>
    </ClCompile>
    <ClCompile Include="GameView.cpp">
      <Filter>Source Files\FlatEngine/FlatGui</Filter>
    </ClCompile>
    <ClCompile Include="Logger.cpp">
      <Filter>Source Files\FlatEngine/FlatGui</Filter>
    </ClCompile>
    <ClCompile Include="Profiler.cpp">
      <Filter>Source Files\FlatEngine/FlatGui</Filter>
    </ClCompile>
    <ClCompile Include="Animator.cpp">
      <Filter>Source Files\FlatEngine/FlatGui</Filter>
    </ClCompile>
    <ClCompile Include="Icons.cpp">
      <Filter>Source Files\FlatEngine/FlatGui</Filter>
    </ClCompile>
    <ClCompile Include="MainMenu.cpp">
      <Filter>Source Files\FlatEngine/FlatGui</Filter>
    </ClCompile>
    <ClCompile Include="SceneView.cpp">
      <Filter>Source Files\FlatEngine/FlatGui</Filter>
    </ClCompile>
    <ClCompile Include="Project.cpp">
      <Filter>Source Files</Filter>
    </ClCompile>
    <ClCompile Include="scripts\GameManager.cpp">
      <Filter>Source Files\scripts</Filter>
    </ClCompile>
    <ClCompile Include="scripts\QuitButton.cpp">
      <Filter>Source Files\scripts</Filter>
    </ClCompile>
    <ClCompile Include="scripts\RestartButton.cpp">
      <Filter>Source Files\scripts</Filter>
    </ClCompile>
    <ClCompile Include="scripts\StartButton.cpp">
      <Filter>Source Files\scripts</Filter>
    </ClCompile>
    <ClCompile Include="CharacterController.cpp">
      <Filter>Source Files\Components</Filter>
    </ClCompile>
    <ClCompile Include="MappingContext.cpp">
      <Filter>Source Files</Filter>
    </ClCompile>
    <ClCompile Include="MappingContextEditor.cpp">
      <Filter>Source Files\FlatEngine/FlatGui</Filter>
    </ClCompile>
    <ClCompile Include="RigidBody.cpp">
      <Filter>Source Files\Components</Filter>
    </ClCompile>
    <ClCompile Include="Vector4.cpp">
      <Filter>Source Files\Helper</Filter>
    </ClCompile>
    <ClCompile Include="Settings.cpp">
      <Filter>Source Files\FlatEngine/FlatGui</Filter>
    </ClCompile>
    <ClCompile Include="scripts\PlayerController.cpp">
      <Filter>Source Files\scripts</Filter>
    </ClCompile>
    <ClCompile Include="TagList.cpp">
      <Filter>Source Files</Filter>
    </ClCompile>
    <ClCompile Include="scripts\JumpPad.cpp">
      <Filter>Source Files\scripts</Filter>
    </ClCompile>
    <ClCompile Include="scripts\PauseMenu.cpp">
      <Filter>Source Files\scripts</Filter>
    </ClCompile>
    <ClCompile Include="scripts\SettingsButton.cpp">
      <Filter>Source Files\scripts</Filter>
    </ClCompile>
    <ClCompile Include="ImGuiWrappers.cpp">
      <Filter>Source Files\FlatEngine/FlatGui</Filter>
    </ClCompile>
    <ClCompile Include="Collider.cpp">
      <Filter>Source Files\Components</Filter>
    </ClCompile>
    <ClCompile Include="CircleCollider.cpp">
      <Filter>Source Files\Components</Filter>
    </ClCompile>
    <ClCompile Include="scripts\BlasterRound.cpp">
      <Filter>Source Files\scripts</Filter>
    </ClCompile>
    <ClCompile Include="scripts\MovingPlatform.cpp">
      <Filter>Source Files\scripts</Filter>
    </ClCompile>
    <ClCompile Include="PrefabManager.cpp">
      <Filter>Source Files\Managers</Filter>
    </ClCompile>
    <ClCompile Include="scripts\Health.cpp">
      <Filter>Source Files\scripts</Filter>
    </ClCompile>
    <ClCompile Include="scripts\EnemyController.cpp">
      <Filter>Source Files\scripts</Filter>
    </ClCompile>
    <ClCompile Include="CompositeCollider.cpp">
      <Filter>Source Files\Components</Filter>
    </ClCompile>
    <ClCompile Include="scripts\BlobParticle.cpp">
      <Filter>Source Files\scripts</Filter>
    </ClCompile>
  </ItemGroup>
  <ItemGroup>
    <ClInclude Include="Window.h">
      <Filter>Header Files</Filter>
    </ClInclude>
    <ClInclude Include="..\..\..\..\Desktop\DevelopmentLibraries\imgui-docking\imgui-docking\imconfig.h">
      <Filter>imgui</Filter>
    </ClInclude>
    <ClInclude Include="..\..\..\..\Desktop\DevelopmentLibraries\imgui-docking\imgui-docking\imgui.h">
      <Filter>imgui</Filter>
    </ClInclude>
    <ClInclude Include="..\..\..\..\Desktop\DevelopmentLibraries\imgui-docking\imgui-docking\imgui_internal.h">
      <Filter>imgui</Filter>
    </ClInclude>
    <ClInclude Include="..\..\..\..\Desktop\DevelopmentLibraries\imgui-docking\imgui-docking\imstb_rectpack.h">
      <Filter>imgui</Filter>
    </ClInclude>
    <ClInclude Include="..\..\..\..\Desktop\DevelopmentLibraries\imgui-docking\imgui-docking\imstb_textedit.h">
      <Filter>imgui</Filter>
    </ClInclude>
    <ClInclude Include="..\..\..\..\Desktop\DevelopmentLibraries\imgui-docking\imgui-docking\imstb_truetype.h">
      <Filter>imgui</Filter>
    </ClInclude>
    <ClInclude Include="GameObject.h">
      <Filter>Header Files</Filter>
    </ClInclude>
    <ClInclude Include="..\..\..\..\Desktop\DevelopmentLibraries\imgui-docking\imgui-docking\backends\imgui_impl_dx12.h">
      <Filter>Renderer</Filter>
    </ClInclude>
    <ClInclude Include="..\..\..\..\Desktop\DevelopmentLibraries\imgui-docking\imgui-docking\backends\imgui_impl_sdl2.h">
      <Filter>Renderer</Filter>
    </ClInclude>
    <ClInclude Include="Component.h">
      <Filter>Header Files\Components</Filter>
    </ClInclude>
    <ClInclude Include="Sprite.h">
      <Filter>Header Files\Components</Filter>
    </ClInclude>
    <ClInclude Include="Transform.h">
      <Filter>Header Files\Components</Filter>
    </ClInclude>
    <ClInclude Include="FlatEngine.h">
      <Filter>Header Files\FlatEngine</Filter>
    </ClInclude>
    <ClInclude Include="TextureManager.h">
      <Filter>Header Files\Managers</Filter>
    </ClInclude>
    <ClInclude Include="..\..\..\..\Desktop\DevelopmentLibraries\imgui-docking\imgui-docking\backends\imgui_impl_sdlrenderer2.h">
      <Filter>Renderer</Filter>
    </ClInclude>
    <ClInclude Include="Scene.h">
      <Filter>Header Files</Filter>
    </ClInclude>
    <ClInclude Include="SceneManager.h">
      <Filter>Header Files\Managers</Filter>
    </ClInclude>
    <ClInclude Include="GameScript.h">
      <Filter>Header Files</Filter>
    </ClInclude>
    <ClInclude Include="ScriptComponent.h">
      <Filter>Header Files\Components</Filter>
    </ClInclude>
    <ClInclude Include="Camera.h">
      <Filter>Header Files\Components</Filter>
    </ClInclude>
    <ClInclude Include="GameLoop.h">
      <Filter>Header Files\Managers</Filter>
    </ClInclude>
    <ClInclude Include="Logger.h">
      <Filter>Header Files\Helper</Filter>
    </ClInclude>
    <ClInclude Include="Texture.h">
      <Filter>Header Files\Helper</Filter>
    </ClInclude>
    <ClInclude Include="Vector2.h">
      <Filter>Header Files\Helper</Filter>
    </ClInclude>
    <ClInclude Include="Button.h">
      <Filter>Header Files\Components</Filter>
    </ClInclude>
    <ClInclude Include="Canvas.h">
      <Filter>Header Files\Components</Filter>
    </ClInclude>
    <ClInclude Include="Sound.h">
      <Filter>Header Files\Helper</Filter>
    </ClInclude>
    <ClInclude Include="Audio.h">
      <Filter>Header Files\Components</Filter>
    </ClInclude>
    <ClInclude Include="Animation.h">
      <Filter>Header Files\Components</Filter>
    </ClInclude>
    <ClInclude Include="UIManager.h">
      <Filter>Header Files\Managers</Filter>
    </ClInclude>
    <ClInclude Include="WidgetsManager.h">
      <Filter>Header Files\Managers</Filter>
    </ClInclude>
    <ClInclude Include="Text.h">
      <Filter>Header Files\Components</Filter>
    </ClInclude>
    <ClInclude Include="BoxCollider.h">
      <Filter>Header Files\Components</Filter>
    </ClInclude>
    <ClInclude Include="implot.h">
      <Filter>Header Files</Filter>
    </ClInclude>
    <ClInclude Include="implot_internal.h">
      <Filter>Header Files</Filter>
    </ClInclude>
    <ClInclude Include="Process.h">
      <Filter>Header Files</Filter>
    </ClInclude>
    <ClInclude Include="ImSequencer.h">
      <Filter>Header Files</Filter>
    </ClInclude>
    <ClInclude Include="Project.h">
      <Filter>Header Files</Filter>
    </ClInclude>
    <ClInclude Include="scripts\QuitButton.h">
      <Filter>Header Files\scripts</Filter>
    </ClInclude>
    <ClInclude Include="scripts\RestartButton.h">
      <Filter>Header Files\scripts</Filter>
    </ClInclude>
    <ClInclude Include="scripts\StartButton.h">
      <Filter>Header Files\scripts</Filter>
    </ClInclude>
    <ClInclude Include="CharacterController.h">
      <Filter>Header Files\Components</Filter>
    </ClInclude>
    <ClInclude Include="MappingContext.h">
      <Filter>Header Files</Filter>
    </ClInclude>
    <ClInclude Include="RigidBody.h">
      <Filter>Header Files\Components</Filter>
    </ClInclude>
    <ClInclude Include="Vector4.h">
      <Filter>Header Files\Helper</Filter>
    </ClInclude>
    <ClInclude Include="scripts\PlayerController.h">
      <Filter>Header Files\scripts</Filter>
    </ClInclude>
    <ClInclude Include="TagList.h">
      <Filter>Header Files</Filter>
    </ClInclude>
    <ClInclude Include="scripts\JumpPad.h">
      <Filter>Header Files\scripts</Filter>
    </ClInclude>
    <ClInclude Include="scripts\SettingsButton.h">
      <Filter>Header Files\scripts</Filter>
    </ClInclude>
    <ClInclude Include="scripts\PauseMenu.h">
      <Filter>Header Files\scripts</Filter>
    </ClInclude>
    <ClInclude Include="CircleCollider.h">
      <Filter>Header Files\Components</Filter>
    </ClInclude>
    <ClInclude Include="Collider.h">
      <Filter>Header Files\Components</Filter>
    </ClInclude>
    <ClInclude Include="scripts\BlasterRound.h">
      <Filter>Header Files\scripts</Filter>
    </ClInclude>
    <ClInclude Include="scripts\GameManager.h">
      <Filter>Header Files\scripts</Filter>
    </ClInclude>
    <ClInclude Include="scripts\MovingPlatform.h">
      <Filter>Header Files\scripts</Filter>
    </ClInclude>
    <ClInclude Include="PrefabManager.h">
      <Filter>Header Files\Managers</Filter>
    </ClInclude>
    <ClInclude Include="scripts\Health.h">
      <Filter>Header Files\scripts</Filter>
    </ClInclude>
    <ClInclude Include="scripts\EnemyController.h">
      <Filter>Header Files\scripts</Filter>
    </ClInclude>
    <ClInclude Include="CompositeCollider.h">
      <Filter>Header Files\Components</Filter>
    </ClInclude>
    <ClInclude Include="scripts\BlobParticle.h">
      <Filter>Header Files\scripts</Filter>
    </ClInclude>
  </ItemGroup>
  <ItemGroup>
    <None Include="..\..\..\..\Desktop\DevelopmentLibraries\imgui-docking\imgui-docking\.editorconfig">
      <Filter>imgui</Filter>
    </None>
    <None Include="..\..\..\..\Desktop\DevelopmentLibraries\imgui-docking\imgui-docking\.gitattributes">
      <Filter>imgui</Filter>
    </None>
    <None Include="..\..\..\..\Desktop\DevelopmentLibraries\imgui-docking\imgui-docking\.gitignore">
      <Filter>imgui</Filter>
    </None>
  </ItemGroup>
  <ItemGroup>
    <Text Include="..\..\..\..\Desktop\DevelopmentLibraries\imgui-docking\imgui-docking\LICENSE.txt">
      <Filter>imgui</Filter>
    </Text>
  </ItemGroup>
</Project>